// !$*UTF8*$!
{
	archiveVersion = 1;
	classes = {
	};
	objectVersion = 46;
	objects = {

/* Begin PBXBuildFile section */
		3A178DCC1B1DE62D00EA0BBE /* main.m in Sources */ = {isa = PBXBuildFile; fileRef = 3A178DCB1B1DE62D00EA0BBE /* main.m */; };
		3A178DCF1B1DE62D00EA0BBE /* AppDelegate.m in Sources */ = {isa = PBXBuildFile; fileRef = 3A178DCE1B1DE62D00EA0BBE /* AppDelegate.m */; };
		3A178DD21B1DE62D00EA0BBE /* ViewController.m in Sources */ = {isa = PBXBuildFile; fileRef = 3A178DD11B1DE62D00EA0BBE /* ViewController.m */; };
		3A178DD51B1DE62D00EA0BBE /* Main.storyboard in Resources */ = {isa = PBXBuildFile; fileRef = 3A178DD31B1DE62D00EA0BBE /* Main.storyboard */; };
		3A178DD71B1DE62D00EA0BBE /* Images.xcassets in Resources */ = {isa = PBXBuildFile; fileRef = 3A178DD61B1DE62D00EA0BBE /* Images.xcassets */; };
		3A178DDA1B1DE62D00EA0BBE /* LaunchScreen.xib in Resources */ = {isa = PBXBuildFile; fileRef = 3A178DD81B1DE62D00EA0BBE /* LaunchScreen.xib */; };
		3A178DE61B1DE62D00EA0BBE /* XiuQiuJiTests.m in Sources */ = {isa = PBXBuildFile; fileRef = 3A178DE51B1DE62D00EA0BBE /* XiuQiuJiTests.m */; };
/* End PBXBuildFile section */

/* Begin PBXContainerItemProxy section */
		3A178DE01B1DE62D00EA0BBE /* PBXContainerItemProxy */ = {
			isa = PBXContainerItemProxy;
			containerPortal = 3A178DBE1B1DE62D00EA0BBE /* Project object */;
			proxyType = 1;
			remoteGlobalIDString = 3A178DC51B1DE62D00EA0BBE;
			remoteInfo = XiuQiuJi;
		};
/* End PBXContainerItemProxy section */

/* Begin PBXFileReference section */
		3A178DC61B1DE62D00EA0BBE /* XiuQiuJi.app */ = {isa = PBXFileReference; explicitFileType = wrapper.application; includeInIndex = 0; path = XiuQiuJi.app; sourceTree = BUILT_PRODUCTS_DIR; };
		3A178DCA1B1DE62D00EA0BBE /* Info.plist */ = {isa = PBXFileReference; lastKnownFileType = text.plist.xml; path = Info.plist; sourceTree = "<group>"; };
		3A178DCB1B1DE62D00EA0BBE /* main.m */ = {isa = PBXFileReference; lastKnownFileType = sourcecode.c.objc; path = main.m; sourceTree = "<group>"; };
		3A178DCD1B1DE62D00EA0BBE /* AppDelegate.h */ = {isa = PBXFileReference; lastKnownFileType = sourcecode.c.h; path = AppDelegate.h; sourceTree = "<group>"; };
		3A178DCE1B1DE62D00EA0BBE /* AppDelegate.m */ = {isa = PBXFileReference; lastKnownFileType = sourcecode.c.objc; path = AppDelegate.m; sourceTree = "<group>"; };
		3A178DD01B1DE62D00EA0BBE /* ViewController.h */ = {isa = PBXFileReference; lastKnownFileType = sourcecode.c.h; path = ViewController.h; sourceTree = "<group>"; };
		3A178DD11B1DE62D00EA0BBE /* ViewController.m */ = {isa = PBXFileReference; lastKnownFileType = sourcecode.c.objc; path = ViewController.m; sourceTree = "<group>"; };
		3A178DD41B1DE62D00EA0BBE /* Base */ = {isa = PBXFileReference; lastKnownFileType = file.storyboard; name = Base; path = Base.lproj/Main.storyboard; sourceTree = "<group>"; };
		3A178DD61B1DE62D00EA0BBE /* Images.xcassets */ = {isa = PBXFileReference; lastKnownFileType = folder.assetcatalog; path = Images.xcassets; sourceTree = "<group>"; };
		3A178DD91B1DE62D00EA0BBE /* Base */ = {isa = PBXFileReference; lastKnownFileType = file.xib; name = Base; path = Base.lproj/LaunchScreen.xib; sourceTree = "<group>"; };
		3A178DDF1B1DE62D00EA0BBE /* XiuQiuJiTests.xctest */ = {isa = PBXFileReference; explicitFileType = wrapper.cfbundle; includeInIndex = 0; path = XiuQiuJiTests.xctest; sourceTree = BUILT_PRODUCTS_DIR; };
		3A178DE41B1DE62D00EA0BBE /* Info.plist */ = {isa = PBXFileReference; lastKnownFileType = text.plist.xml; path = Info.plist; sourceTree = "<group>"; };
		3A178DE51B1DE62D00EA0BBE /* XiuQiuJiTests.m */ = {isa = PBXFileReference; lastKnownFileType = sourcecode.c.objc; path = XiuQiuJiTests.m; sourceTree = "<group>"; };
/* End PBXFileReference section */

/* Begin PBXFrameworksBuildPhase section */
		3A178DC31B1DE62D00EA0BBE /* Frameworks */ = {
			isa = PBXFrameworksBuildPhase;
			buildActionMask = 2147483647;
			files = (
			);
			runOnlyForDeploymentPostprocessing = 0;
		};
		3A178DDC1B1DE62D00EA0BBE /* Frameworks */ = {
			isa = PBXFrameworksBuildPhase;
			buildActionMask = 2147483647;
			files = (
			);
			runOnlyForDeploymentPostprocessing = 0;
		};
/* End PBXFrameworksBuildPhase section */

/* Begin PBXGroup section */
		3A178DBD1B1DE62D00EA0BBE = {
			isa = PBXGroup;
			children = (
				3A178DC81B1DE62D00EA0BBE /* XiuQiuJi */,
				3A178DE21B1DE62D00EA0BBE /* XiuQiuJiTests */,
				3A178DC71B1DE62D00EA0BBE /* Products */,
			);
			sourceTree = "<group>";
		};
		3A178DC71B1DE62D00EA0BBE /* Products */ = {
			isa = PBXGroup;
			children = (
				3A178DC61B1DE62D00EA0BBE /* XiuQiuJi.app */,
				3A178DDF1B1DE62D00EA0BBE /* XiuQiuJiTests.xctest */,
			);
			name = Products;
			sourceTree = "<group>";
		};
		3A178DC81B1DE62D00EA0BBE /* XiuQiuJi */ = {
			isa = PBXGroup;
			children = (
				3A178DCD1B1DE62D00EA0BBE /* AppDelegate.h */,
				3A178DCE1B1DE62D00EA0BBE /* AppDelegate.m */,
				3A178DD01B1DE62D00EA0BBE /* ViewController.h */,
				3A178DD11B1DE62D00EA0BBE /* ViewController.m */,
				3A178DD31B1DE62D00EA0BBE /* Main.storyboard */,
				3A178DD61B1DE62D00EA0BBE /* Images.xcassets */,
				3A178DD81B1DE62D00EA0BBE /* LaunchScreen.xib */,
				3A178DC91B1DE62D00EA0BBE /* Supporting Files */,
			);
			path = XiuQiuJi;
			sourceTree = "<group>";
		};
		3A178DC91B1DE62D00EA0BBE /* Supporting Files */ = {
			isa = PBXGroup;
			children = (
				3A178DCA1B1DE62D00EA0BBE /* Info.plist */,
				3A178DCB1B1DE62D00EA0BBE /* main.m */,
			);
			name = "Supporting Files";
			sourceTree = "<group>";
		};
		3A178DE21B1DE62D00EA0BBE /* XiuQiuJiTests */ = {
			isa = PBXGroup;
			children = (
				3A178DE51B1DE62D00EA0BBE /* XiuQiuJiTests.m */,
				3A178DE31B1DE62D00EA0BBE /* Supporting Files */,
			);
			path = XiuQiuJiTests;
			sourceTree = "<group>";
		};
		3A178DE31B1DE62D00EA0BBE /* Supporting Files */ = {
			isa = PBXGroup;
			children = (
				3A178DE41B1DE62D00EA0BBE /* Info.plist */,
			);
			name = "Supporting Files";
			sourceTree = "<group>";
		};
/* End PBXGroup section */

/* Begin PBXNativeTarget section */
		3A178DC51B1DE62D00EA0BBE /* XiuQiuJi */ = {
			isa = PBXNativeTarget;
			buildConfigurationList = 3A178DE91B1DE62D00EA0BBE /* Build configuration list for PBXNativeTarget "XiuQiuJi" */;
			buildPhases = (
				3A178DC21B1DE62D00EA0BBE /* Sources */,
				3A178DC31B1DE62D00EA0BBE /* Frameworks */,
				3A178DC41B1DE62D00EA0BBE /* Resources */,
			);
			buildRules = (
			);
			dependencies = (
			);
			name = XiuQiuJi;
			productName = XiuQiuJi;
			productReference = 3A178DC61B1DE62D00EA0BBE /* XiuQiuJi.app */;
			productType = "com.apple.product-type.application";
		};
		3A178DDE1B1DE62D00EA0BBE /* XiuQiuJiTests */ = {
			isa = PBXNativeTarget;
			buildConfigurationList = 3A178DEC1B1DE62D00EA0BBE /* Build configuration list for PBXNativeTarget "XiuQiuJiTests" */;
			buildPhases = (
				3A178DDB1B1DE62D00EA0BBE /* Sources */,
				3A178DDC1B1DE62D00EA0BBE /* Frameworks */,
				3A178DDD1B1DE62D00EA0BBE /* Resources */,
			);
			buildRules = (
			);
			dependencies = (
				3A178DE11B1DE62D00EA0BBE /* PBXTargetDependency */,
			);
			name = XiuQiuJiTests;
			productName = XiuQiuJiTests;
			productReference = 3A178DDF1B1DE62D00EA0BBE /* XiuQiuJiTests.xctest */;
			productType = "com.apple.product-type.bundle.unit-test";
		};
/* End PBXNativeTarget section */

/* Begin PBXProject section */
		3A178DBE1B1DE62D00EA0BBE /* Project object */ = {
			isa = PBXProject;
			attributes = {
				LastUpgradeCheck = 0610;
				ORGANIZATIONNAME = zz;
				TargetAttributes = {
					3A178DC51B1DE62D00EA0BBE = {
						CreatedOnToolsVersion = 6.1;
					};
					3A178DDE1B1DE62D00EA0BBE = {
						CreatedOnToolsVersion = 6.1;
						TestTargetID = 3A178DC51B1DE62D00EA0BBE;
					};
				};
			};
			buildConfigurationList = 3A178DC11B1DE62D00EA0BBE /* Build configuration list for PBXProject "XiuQiuJi" */;
			compatibilityVersion = "Xcode 3.2";
			developmentRegion = English;
			hasScannedForEncodings = 0;
			knownRegions = (
				en,
				Base,
			);
			mainGroup = 3A178DBD1B1DE62D00EA0BBE;
			productRefGroup = 3A178DC71B1DE62D00EA0BBE /* Products */;
			projectDirPath = "";
			projectRoot = "";
			targets = (
				3A178DC51B1DE62D00EA0BBE /* XiuQiuJi */,
				3A178DDE1B1DE62D00EA0BBE /* XiuQiuJiTests */,
			);
		};
/* End PBXProject section */

/* Begin PBXResourcesBuildPhase section */
		3A178DC41B1DE62D00EA0BBE /* Resources */ = {
			isa = PBXResourcesBuildPhase;
			buildActionMask = 2147483647;
			files = (
				3A178DD51B1DE62D00EA0BBE /* Main.storyboard in Resources */,
				3A178DDA1B1DE62D00EA0BBE /* LaunchScreen.xib in Resources */,
				3A178DD71B1DE62D00EA0BBE /* Images.xcassets in Resources */,
			);
			runOnlyForDeploymentPostprocessing = 0;
		};
		3A178DDD1B1DE62D00EA0BBE /* Resources */ = {
			isa = PBXResourcesBuildPhase;
			buildActionMask = 2147483647;
			files = (
			);
			runOnlyForDeploymentPostprocessing = 0;
		};
/* End PBXResourcesBuildPhase section */

/* Begin PBXSourcesBuildPhase section */
		3A178DC21B1DE62D00EA0BBE /* Sources */ = {
			isa = PBXSourcesBuildPhase;
			buildActionMask = 2147483647;
			files = (
				3A178DD21B1DE62D00EA0BBE /* ViewController.m in Sources */,
				3A178DCF1B1DE62D00EA0BBE /* AppDelegate.m in Sources */,
				3A178DCC1B1DE62D00EA0BBE /* main.m in Sources */,
			);
			runOnlyForDeploymentPostprocessing = 0;
		};
		3A178DDB1B1DE62D00EA0BBE /* Sources */ = {
			isa = PBXSourcesBuildPhase;
			buildActionMask = 2147483647;
			files = (
				3A178DE61B1DE62D00EA0BBE /* XiuQiuJiTests.m in Sources */,
			);
			runOnlyForDeploymentPostprocessing = 0;
		};
/* End PBXSourcesBuildPhase section */

/* Begin PBXTargetDependency section */
		3A178DE11B1DE62D00EA0BBE /* PBXTargetDependency */ = {
			isa = PBXTargetDependency;
			target = 3A178DC51B1DE62D00EA0BBE /* XiuQiuJi */;
			targetProxy = 3A178DE01B1DE62D00EA0BBE /* PBXContainerItemProxy */;
		};
/* End PBXTargetDependency section */

/* Begin PBXVariantGroup section */
		3A178DD31B1DE62D00EA0BBE /* Main.storyboard */ = {
			isa = PBXVariantGroup;
			children = (
				3A178DD41B1DE62D00EA0BBE /* Base */,
			);
			name = Main.storyboard;
			sourceTree = "<group>";
		};
		3A178DD81B1DE62D00EA0BBE /* LaunchScreen.xib */ = {
			isa = PBXVariantGroup;
			children = (
				3A178DD91B1DE62D00EA0BBE /* Base */,
			);
			name = LaunchScreen.xib;
			sourceTree = "<group>";
		};
/* End PBXVariantGroup section */

/* Begin XCBuildConfiguration section */
		3A178DE71B1DE62D00EA0BBE /* Debug */ = {
			isa = XCBuildConfiguration;
			buildSettings = {
				ALWAYS_SEARCH_USER_PATHS = NO;
				CLANG_CXX_LANGUAGE_STANDARD = "gnu++0x";
				CLANG_CXX_LIBRARY = "libc++";
				CLANG_ENABLE_MODULES = YES;
				CLANG_ENABLE_OBJC_ARC = YES;
				CLANG_WARN_BOOL_CONVERSION = YES;
				CLANG_WARN_CONSTANT_CONVERSION = YES;
				CLANG_WARN_DIRECT_OBJC_ISA_USAGE = YES_ERROR;
				CLANG_WARN_EMPTY_BODY = YES;
				CLANG_WARN_ENUM_CONVERSION = YES;
				CLANG_WARN_INT_CONVERSION = YES;
				CLANG_WARN_OBJC_ROOT_CLASS = YES_ERROR;
				CLANG_WARN_UNREACHABLE_CODE = YES;
				CLANG_WARN__DUPLICATE_METHOD_MATCH = YES;
				"CODE_SIGN_IDENTITY[sdk=iphoneos*]" = "iPhone Developer";
				COPY_PHASE_STRIP = NO;
				ENABLE_STRICT_OBJC_MSGSEND = YES;
				GCC_C_LANGUAGE_STANDARD = gnu99;
				GCC_DYNAMIC_NO_PIC = NO;
				GCC_OPTIMIZATION_LEVEL = 0;
				GCC_PREPROCESSOR_DEFINITIONS = (
					"DEBUG=1",
					"$(inherited)",
				);
				GCC_SYMBOLS_PRIVATE_EXTERN = NO;
				GCC_WARN_64_TO_32_BIT_CONVERSION = YES;
				GCC_WARN_ABOUT_RETURN_TYPE = YES_ERROR;
				GCC_WARN_UNDECLARED_SELECTOR = YES;
				GCC_WARN_UNINITIALIZED_AUTOS = YES_AGGRESSIVE;
				GCC_WARN_UNUSED_FUNCTION = YES;
				GCC_WARN_UNUSED_VARIABLE = YES;
				IPHONEOS_DEPLOYMENT_TARGET = 8.1;
				MTL_ENABLE_DEBUG_INFO = YES;
				ONLY_ACTIVE_ARCH = YES;
				SDKROOT = iphoneos;
			};
			name = Debug;
		};
		3A178DE81B1DE62D00EA0BBE /* Release */ = {
			isa = XCBuildConfiguration;
			buildSettings = {
				ALWAYS_SEARCH_USER_PATHS = NO;
				CLANG_CXX_LANGUAGE_STANDARD = "gnu++0x";
				CLANG_CXX_LIBRARY = "libc++";
				CLANG_ENABLE_MODULES = YES;
				CLANG_ENABLE_OBJC_ARC = YES;
				CLANG_WARN_BOOL_CONVERSION = YES;
				CLANG_WARN_CONSTANT_CONVERSION = YES;
				CLANG_WARN_DIRECT_OBJC_ISA_USAGE = YES_ERROR;
				CLANG_WARN_EMPTY_BODY = YES;
				CLANG_WARN_ENUM_CONVERSION = YES;
				CLANG_WARN_INT_CONVERSION = YES;
				CLANG_WARN_OBJC_ROOT_CLASS = YES_ERROR;
				CLANG_WARN_UNREACHABLE_CODE = YES;
				CLANG_WARN__DUPLICATE_METHOD_MATCH = YES;
				"CODE_SIGN_IDENTITY[sdk=iphoneos*]" = "iPhone Developer";
				COPY_PHASE_STRIP = YES;
				ENABLE_NS_ASSERTIONS = NO;
				ENABLE_STRICT_OBJC_MSGSEND = YES;
				GCC_C_LANGUAGE_STANDARD = gnu99;
				GCC_WARN_64_TO_32_BIT_CONVERSION = YES;
				GCC_WARN_ABOUT_RETURN_TYPE = YES_ERROR;
				GCC_WARN_UNDECLARED_SELECTOR = YES;
				GCC_WARN_UNINITIALIZED_AUTOS = YES_AGGRESSIVE;
				GCC_WARN_UNUSED_FUNCTION = YES;
				GCC_WARN_UNUSED_VARIABLE = YES;
				IPHONEOS_DEPLOYMENT_TARGET = 8.1;
				MTL_ENABLE_DEBUG_INFO = NO;
				SDKROOT = iphoneos;
				VALIDATE_PRODUCT = YES;
			};
			name = Release;
		};
		3A178DEA1B1DE62D00EA0BBE /* Debug */ = {
			isa = XCBuildConfiguration;
			buildSettings = {
				ASSETCATALOG_COMPILER_APPICON_NAME = AppIcon;
				INFOPLIST_FILE = XiuQiuJi/Info.plist;
				LD_RUNPATH_SEARCH_PATHS = "$(inherited) @executable_path/Frameworks";
				PRODUCT_NAME = "$(TARGET_NAME)";
			};
			name = Debug;
		};
		3A178DEB1B1DE62D00EA0BBE /* Release */ = {
			isa = XCBuildConfiguration;
			buildSettings = {
				ASSETCATALOG_COMPILER_APPICON_NAME = AppIcon;
				INFOPLIST_FILE = XiuQiuJi/Info.plist;
				LD_RUNPATH_SEARCH_PATHS = "$(inherited) @executable_path/Frameworks";
				PRODUCT_NAME = "$(TARGET_NAME)";
			};
			name = Release;
		};
		3A178DED1B1DE62D00EA0BBE /* Debug */ = {
			isa = XCBuildConfiguration;
			buildSettings = {
				BUNDLE_LOADER = "$(TEST_HOST)";
				FRAMEWORK_SEARCH_PATHS = (
					"$(SDKROOT)/Developer/Library/Frameworks",
					"$(inherited)",
				);
				GCC_PREPROCESSOR_DEFINITIONS = (
					"DEBUG=1",
					"$(inherited)",
				);
				INFOPLIST_FILE = XiuQiuJiTests/Info.plist;
				LD_RUNPATH_SEARCH_PATHS = "$(inherited) @executable_path/Frameworks @loader_path/Frameworks";
				PRODUCT_NAME = "$(TARGET_NAME)";
				TEST_HOST = "$(BUILT_PRODUCTS_DIR)/XiuQiuJi.app/XiuQiuJi";
			};
			name = Debug;
		};
		3A178DEE1B1DE62D00EA0BBE /* Release */ = {
			isa = XCBuildConfiguration;
			buildSettings = {
				BUNDLE_LOADER = "$(TEST_HOST)";
				FRAMEWORK_SEARCH_PATHS = (
					"$(SDKROOT)/Developer/Library/Frameworks",
					"$(inherited)",
				);
				INFOPLIST_FILE = XiuQiuJiTests/Info.plist;
				LD_RUNPATH_SEARCH_PATHS = "$(inherited) @executable_path/Frameworks @loader_path/Frameworks";
				PRODUCT_NAME = "$(TARGET_NAME)";
				TEST_HOST = "$(BUILT_PRODUCTS_DIR)/XiuQiuJi.app/XiuQiuJi";
			};
			name = Release;
		};
/* End XCBuildConfiguration section */

/* Begin XCConfigurationList section */
		3A178DC11B1DE62D00EA0BBE /* Build configuration list for PBXProject "XiuQiuJi" */ = {
			isa = XCConfigurationList;
			buildConfigurations = (
				3A178DE71B1DE62D00EA0BBE /* Debug */,
				3A178DE81B1DE62D00EA0BBE /* Release */,
			);
			defaultConfigurationIsVisible = 0;
			defaultConfigurationName = Release;
		};
		3A178DE91B1DE62D00EA0BBE /* Build configuration list for PBXNativeTarget "XiuQiuJi" */ = {
			isa = XCConfigurationList;
			buildConfigurations = (
				3A178DEA1B1DE62D00EA0BBE /* Debug */,
				3A178DEB1B1DE62D00EA0BBE /* Release */,
			);
			defaultConfigurationIsVisible = 0;
		};
		3A178DEC1B1DE62D00EA0BBE /* Build configuration list for PBXNativeTarget "XiuQiuJiTests" */ = {
			isa = XCConfigurationList;
			buildConfigurations = (
				3A178DED1B1DE62D00EA0BBE /* Debug */,
				3A178DEE1B1DE62D00EA0BBE /* Release */,
			);
			defaultConfigurationIsVisible = 0;
		};
/* End XCConfigurationList section */
	};
	rootObject = 3A178DBE1B1DE62D00EA0BBE /* Project object */;
}
